
Microsoft Visual Studio Solution File, Format Version 12.00
# Visual Studio Version 17
VisualStudioVersion = 17.14.37012.4 d17.14
MinimumVisualStudioVersion = 10.0.40219.1
Project("{FAE04EC0-301F-11D3-BF4B-00C04F79EFBC}") = "GatoXa.Android", "GatoXa\GatoXa.Android\GatoXa.Android.csproj", "{039C6E21-3CF9-48C5-856E-0F9189DCE7D9}"
EndProject
Project("{FAE04EC0-301F-11D3-BF4B-00C04F79EFBC}") = "GatoXa.iOS", "GatoXa\GatoXa.iOS\GatoXa.iOS.csproj", "{47CAB6A2-34A8-46C6-AC39-5B9D1A33005C}"
EndProject
Project("{FAE04EC0-301F-11D3-BF4B-00C04F79EFBC}") = "GatoXa", "GatoXa\GatoXa\GatoXa.csproj", "{DFBE6A47-690E-4436-A029-B43D0065190D}"
EndProject
Global
	GlobalSection(SolutionConfigurationPlatforms) = preSolution
		Debug|Any CPU = Debug|Any CPU
		Release|Any CPU = Release|Any CPU
	EndGlobalSection
	GlobalSection(ProjectConfigurationPlatforms) = postSolution
		{039C6E21-3CF9-48C5-856E-0F9189DCE7D9}.Debug|Any CPU.ActiveCfg = Debug|Any CPU
		{039C6E21-3CF9-48C5-856E-0F9189DCE7D9}.Debug|Any CPU.Build.0 = Debug|Any CPU
		{039C6E21-3CF9-48C5-856E-0F9189DCE7D9}.Debug|Any CPU.Deploy.0 = Debug|Any CPU
		{039C6E21-3CF9-48C5-856E-0F9189DCE7D9}.Release|Any CPU.ActiveCfg = Release|Any CPU
		{039C6E21-3CF9-48C5-856E-0F9189DCE7D9}.Release|Any CPU.Build.0 = Release|Any CPU
		{039C6E21-3CF9-48C5-856E-0F9189DCE7D9}.Release|Any CPU.Deploy.0 = Release|Any CPU
		{47CAB6A2-34A8-46C6-AC39-5B9D1A33005C}.Debug|Any CPU.ActiveCfg = Debug|iPhone
		{47CAB6A2-34A8-46C6-AC39-5B9D1A33005C}.Debug|Any CPU.Build.0 = Debug|iPhone
		{47CAB6A2-34A8-46C6-AC39-5B9D1A33005C}.Debug|Any CPU.Deploy.0 = Debug|iPhone
		{47CAB6A2-34A8-46C6-AC39-5B9D1A33005C}.Release|Any CPU.ActiveCfg = Release|iPhoneSimulator
		{47CAB6A2-34A8-46C6-AC39-5B9D1A33005C}.Release|Any CPU.Build.0 = Release|iPhoneSimulator
		{47CAB6A2-34A8-46C6-AC39-5B9D1A33005C}.Release|Any CPU.Deploy.0 = Release|iPhoneSimulator
		{DFBE6A47-690E-4436-A029-B43D0065190D}.Debug|Any CPU.ActiveCfg = Debug|Any CPU
		{DFBE6A47-690E-4436-A029-B43D0065190D}.Debug|Any CPU.Build.0 = Debug|Any CPU
		{DFBE6A47-690E-4436-A029-B43D0065190D}.Debug|Any CPU.Deploy.0 = Debug|Any CPU
		{DFBE6A47-690E-4436-A029-B43D0065190D}.Release|Any CPU.ActiveCfg = Release|Any CPU
		{DFBE6A47-690E-4436-A029-B43D0065190D}.Release|Any CPU.Build.0 = Release|Any CPU
		{DFBE6A47-690E-4436-A029-B43D0065190D}.Release|Any CPU.Deploy.0 = Release|Any CPU
	EndGlobalSection
	GlobalSection(SolutionProperties) = preSolution
		HideSolutionNode = FALSE
	EndGlobalSection
	GlobalSection(ExtensibilityGlobals) = postSolution
		SolutionGuid = {B394039C-F6CB-4CF5-968C-C85538DB55BD}
	EndGlobalSection
EndGlobal
